{
  "name": "@enuesaa/node-ts-try",
  "version": "0.0.1",
  "lockfileVersion": 3,
  "requires": true,
  "packages": {
    "": {
      "name": "@enuesaa/node-ts-try",
      "version": "0.0.1",
      "license": "MIT",
      "dependencies": {
        "@enuesaa/cmdgate": "^0.0.8"
      }
    },
    "node_modules/@enuesaa/cmdgate": {
      "version": "0.0.8",
      "resolved": "https://registry.npmjs.org/@enuesaa/cmdgate/-/cmdgate-0.0.8.tgz",
      "integrity": "sha512-LF7BJDGC5C23F6mSPi5Vmp9OugW7I0iGU1qsB4hksvng/7kC/bkxjJVFm9n4ie5NjtBEYSnpZXBRF+HZ5eDoSA==",
      "license": "MIT",
      "engines": {
        "node": ">=20.0.0"
      }
    }
  }
}
